
Microsoft Visual Studio Solution File, Format Version 12.00
# Visual Studio Version 17
VisualStudioVersion = 17.9.34728.123
MinimumVisualStudioVersion = 10.0.40219.1
Project("{FAE04EC0-301F-11D3-BF4B-00C04F79EFBC}") = "toDoList", "toDoList\toDoList.csproj", "{AB0E64A5-61EF-48AE-B568-893B99988AA3}"
EndProject
Global
	GlobalSection(SolutionConfigurationPlatforms) = preSolution
		Debug|Any CPU = Debug|Any CPU
		Release|Any CPU = Release|Any CPU
	EndGlobalSection
	GlobalSection(ProjectConfigurationPlatforms) = postSolution
		{AB0E64A5-61EF-48AE-B568-893B99988AA3}.Debug|Any CPU.ActiveCfg = Debug|Any CPU
		{AB0E64A5-61EF-48AE-B568-893B99988AA3}.Debug|Any CPU.Build.0 = Debug|Any CPU
		{AB0E64A5-61EF-48AE-B568-893B99988AA3}.Release|Any CPU.ActiveCfg = Release|Any CPU
		{AB0E64A5-61EF-48AE-B568-893B99988AA3}.Release|Any CPU.Build.0 = Release|Any CPU
	EndGlobalSection
	GlobalSection(SolutionProperties) = preSolution
		HideSolutionNode = FALSE
	EndGlobalSection
	GlobalSection(ExtensibilityGlobals) = postSolution
		SolutionGuid = {DF025811-3969-483D-A268-D427E4961F16}
	EndGlobalSection
EndGlobal
